
Microsoft Visual Studio Solution File, Format Version 12.00
# Visual Studio 2013
VisualStudioVersion = 12.0.21005.1
MinimumVisualStudioVersion = 10.0.40219.1
Project("{2150E333-8FDC-42A3-9474-1A3956D46DE8}") = "Presentation", "Presentation", "{C0989903-A3BE-4106-92CB-AF2B536A9EB1}"
EndProject
Project("{2150E333-8FDC-42A3-9474-1A3956D46DE8}") = "Service", "Service", "{CBFC6A1C-176C-465F-86A6-D302F6FBA939}"
EndProject
Project("{2150E333-8FDC-42A3-9474-1A3956D46DE8}") = "Model", "Model", "{07E9F5C2-E9DC-4F4E-987F-C202489E32E5}"
EndProject
Project("{2150E333-8FDC-42A3-9474-1A3956D46DE8}") = "ServiceStub", "ServiceStub", "{00120BFF-3D4A-49AB-BA9F-4E955B33E5BA}"
EndProject
Project("{FAE04EC0-301F-11D3-BF4B-00C04F79EFBC}") = "ServiceDefinition", "BusinessService\ServiceDefinition\ServiceDefinition.csproj", "{96230501-E857-4265-A99A-5FC6DDFFFA19}"
EndProject
Project("{2150E333-8FDC-42A3-9474-1A3956D46DE8}") = "Resources", "Resources", "{E5E5D9AD-4506-4D3E-914C-D123A46345BE}"
EndProject
Project("{FAE04EC0-301F-11D3-BF4B-00C04F79EFBC}") = "BusinessModel", "BusinessModel\BusinessModel\BusinessModel.csproj", "{B4AA693A-B34A-4BF6-A5D4-E1E381E76B1A}"
EndProject
Project("{FAE04EC0-301F-11D3-BF4B-00C04F79EFBC}") = "Common", "Presentation\Common\Common.csproj", "{BDCC2A8D-1DDA-47F7-9430-954BA0ADC1FA}"
EndProject
Project("{FAE04EC0-301F-11D3-BF4B-00C04F79EFBC}") = "MultiTenantsDemo", "Presentation\MultiTenantsDemo\MultiTenantsDemo.csproj", "{B5FC95D3-4073-4543-886B-C0EEA463EC3E}"
EndProject
Project("{FAE04EC0-301F-11D3-BF4B-00C04F79EFBC}") = "Resource.Common", "Resources\Resource.Common\Resource.Common.csproj", "{44C46354-61AF-4DAD-A77D-D354BF0D7A5D}"
EndProject
Project("{FAE04EC0-301F-11D3-BF4B-00C04F79EFBC}") = "Resource.GLD", "Resources\Resource.GLD\Resource.GLD.csproj", "{040C4A32-67EA-4696-8EF6-69288B01CEE3}"
EndProject
Project("{2150E333-8FDC-42A3-9474-1A3956D46DE8}") = "Common", "Common", "{68CCF326-C24E-4DC8-A50F-024413BD22C7}"
EndProject
Project("{FAE04EC0-301F-11D3-BF4B-00C04F79EFBC}") = "Error", "Common\Error\Error.csproj", "{AC103606-FD11-42A2-9F41-04099B057823}"
EndProject
Project("{FAE04EC0-301F-11D3-BF4B-00C04F79EFBC}") = "Resource", "Common\Validation\Resource.csproj", "{FF3DE1D3-A063-487E-BEB9-3016AAB8554F}"
EndProject
Global
	GlobalSection(SolutionConfigurationPlatforms) = preSolution
		Debug|Any CPU = Debug|Any CPU
		Release|Any CPU = Release|Any CPU
	EndGlobalSection
	GlobalSection(ProjectConfigurationPlatforms) = postSolution
		{96230501-E857-4265-A99A-5FC6DDFFFA19}.Debug|Any CPU.ActiveCfg = Debug|Any CPU
		{96230501-E857-4265-A99A-5FC6DDFFFA19}.Debug|Any CPU.Build.0 = Debug|Any CPU
		{96230501-E857-4265-A99A-5FC6DDFFFA19}.Release|Any CPU.ActiveCfg = Release|Any CPU
		{96230501-E857-4265-A99A-5FC6DDFFFA19}.Release|Any CPU.Build.0 = Release|Any CPU
		{B4AA693A-B34A-4BF6-A5D4-E1E381E76B1A}.Debug|Any CPU.ActiveCfg = Debug|Any CPU
		{B4AA693A-B34A-4BF6-A5D4-E1E381E76B1A}.Debug|Any CPU.Build.0 = Debug|Any CPU
		{B4AA693A-B34A-4BF6-A5D4-E1E381E76B1A}.Release|Any CPU.ActiveCfg = Release|Any CPU
		{B4AA693A-B34A-4BF6-A5D4-E1E381E76B1A}.Release|Any CPU.Build.0 = Release|Any CPU
		{BDCC2A8D-1DDA-47F7-9430-954BA0ADC1FA}.Debug|Any CPU.ActiveCfg = Debug|Any CPU
		{BDCC2A8D-1DDA-47F7-9430-954BA0ADC1FA}.Debug|Any CPU.Build.0 = Debug|Any CPU
		{BDCC2A8D-1DDA-47F7-9430-954BA0ADC1FA}.Release|Any CPU.ActiveCfg = Release|Any CPU
		{BDCC2A8D-1DDA-47F7-9430-954BA0ADC1FA}.Release|Any CPU.Build.0 = Release|Any CPU
		{B5FC95D3-4073-4543-886B-C0EEA463EC3E}.Debug|Any CPU.ActiveCfg = Debug|Any CPU
		{B5FC95D3-4073-4543-886B-C0EEA463EC3E}.Debug|Any CPU.Build.0 = Debug|Any CPU
		{B5FC95D3-4073-4543-886B-C0EEA463EC3E}.Release|Any CPU.ActiveCfg = Release|Any CPU
		{B5FC95D3-4073-4543-886B-C0EEA463EC3E}.Release|Any CPU.Build.0 = Release|Any CPU
		{44C46354-61AF-4DAD-A77D-D354BF0D7A5D}.Debug|Any CPU.ActiveCfg = Debug|Any CPU
		{44C46354-61AF-4DAD-A77D-D354BF0D7A5D}.Debug|Any CPU.Build.0 = Debug|Any CPU
		{44C46354-61AF-4DAD-A77D-D354BF0D7A5D}.Release|Any CPU.ActiveCfg = Release|Any CPU
		{44C46354-61AF-4DAD-A77D-D354BF0D7A5D}.Release|Any CPU.Build.0 = Release|Any CPU
		{040C4A32-67EA-4696-8EF6-69288B01CEE3}.Debug|Any CPU.ActiveCfg = Debug|Any CPU
		{040C4A32-67EA-4696-8EF6-69288B01CEE3}.Debug|Any CPU.Build.0 = Debug|Any CPU
		{040C4A32-67EA-4696-8EF6-69288B01CEE3}.Release|Any CPU.ActiveCfg = Release|Any CPU
		{040C4A32-67EA-4696-8EF6-69288B01CEE3}.Release|Any CPU.Build.0 = Release|Any CPU
		{AC103606-FD11-42A2-9F41-04099B057823}.Debug|Any CPU.ActiveCfg = Debug|Any CPU
		{AC103606-FD11-42A2-9F41-04099B057823}.Debug|Any CPU.Build.0 = Debug|Any CPU
		{AC103606-FD11-42A2-9F41-04099B057823}.Release|Any CPU.ActiveCfg = Release|Any CPU
		{AC103606-FD11-42A2-9F41-04099B057823}.Release|Any CPU.Build.0 = Release|Any CPU
		{FF3DE1D3-A063-487E-BEB9-3016AAB8554F}.Debug|Any CPU.ActiveCfg = Debug|Any CPU
		{FF3DE1D3-A063-487E-BEB9-3016AAB8554F}.Debug|Any CPU.Build.0 = Debug|Any CPU
		{FF3DE1D3-A063-487E-BEB9-3016AAB8554F}.Release|Any CPU.ActiveCfg = Release|Any CPU
		{FF3DE1D3-A063-487E-BEB9-3016AAB8554F}.Release|Any CPU.Build.0 = Release|Any CPU
	EndGlobalSection
	GlobalSection(SolutionProperties) = preSolution
		HideSolutionNode = FALSE
	EndGlobalSection
	GlobalSection(NestedProjects) = preSolution
		{BDCC2A8D-1DDA-47F7-9430-954BA0ADC1FA} = {C0989903-A3BE-4106-92CB-AF2B536A9EB1}
		{B5FC95D3-4073-4543-886B-C0EEA463EC3E} = {C0989903-A3BE-4106-92CB-AF2B536A9EB1}
		{96230501-E857-4265-A99A-5FC6DDFFFA19} = {CBFC6A1C-176C-465F-86A6-D302F6FBA939}
		{B4AA693A-B34A-4BF6-A5D4-E1E381E76B1A} = {07E9F5C2-E9DC-4F4E-987F-C202489E32E5}
		{44C46354-61AF-4DAD-A77D-D354BF0D7A5D} = {E5E5D9AD-4506-4D3E-914C-D123A46345BE}
		{040C4A32-67EA-4696-8EF6-69288B01CEE3} = {E5E5D9AD-4506-4D3E-914C-D123A46345BE}
		{AC103606-FD11-42A2-9F41-04099B057823} = {68CCF326-C24E-4DC8-A50F-024413BD22C7}
		{FF3DE1D3-A063-487E-BEB9-3016AAB8554F} = {68CCF326-C24E-4DC8-A50F-024413BD22C7}
	EndGlobalSection
EndGlobal
