
Microsoft Visual Studio Solution File, Format Version 12.00
# Visual Studio 2013
VisualStudioVersion = 12.0.21005.1
MinimumVisualStudioVersion = 10.0.40219.1
Project("{FAE04EC0-301F-11D3-BF4B-00C04F79EFBC}") = "Identity", "Data\User\Identity.csproj", "{415C75EE-C096-43D7-BDF1-3941DFE9A62C}"
EndProject
Project("{2150E333-8FDC-42A3-9474-1A3956D46DE8}") = "Data", "Data", "{1835B072-7D49-4FE9-BAEF-BFE72B8934E7}"
EndProject
Project("{2150E333-8FDC-42A3-9474-1A3956D46DE8}") = "Web", "Web", "{443AEDD1-77B7-4881-A7C7-AEFCB16D76D0}"
EndProject
Project("{2150E333-8FDC-42A3-9474-1A3956D46DE8}") = "Service", "Service", "{26B366D0-FE46-4472-944A-EB7EB26BA9B3}"
EndProject
Project("{2150E333-8FDC-42A3-9474-1A3956D46DE8}") = "Access", "Access", "{B770F8EA-9CBD-45EA-BA94-431FC98EB5F2}"
EndProject
Global
	GlobalSection(SolutionConfigurationPlatforms) = preSolution
		Debug|Any CPU = Debug|Any CPU
		Release|Any CPU = Release|Any CPU
	EndGlobalSection
	GlobalSection(ProjectConfigurationPlatforms) = postSolution
		{415C75EE-C096-43D7-BDF1-3941DFE9A62C}.Debug|Any CPU.ActiveCfg = Debug|Any CPU
		{415C75EE-C096-43D7-BDF1-3941DFE9A62C}.Debug|Any CPU.Build.0 = Debug|Any CPU
		{415C75EE-C096-43D7-BDF1-3941DFE9A62C}.Release|Any CPU.ActiveCfg = Release|Any CPU
		{415C75EE-C096-43D7-BDF1-3941DFE9A62C}.Release|Any CPU.Build.0 = Release|Any CPU
	EndGlobalSection
	GlobalSection(SolutionProperties) = preSolution
		HideSolutionNode = FALSE
	EndGlobalSection
	GlobalSection(NestedProjects) = preSolution
		{415C75EE-C096-43D7-BDF1-3941DFE9A62C} = {1835B072-7D49-4FE9-BAEF-BFE72B8934E7}
	EndGlobalSection
EndGlobal
